
Microsoft Visual Studio Solution File, Format Version 12.00
# Visual Studio Version 16
VisualStudioVersion = 16.0.30011.22
MinimumVisualStudioVersion = 10.0.40219.1
Project("{FAE04EC0-301F-11D3-BF4B-00C04F79EFBC}") = "Лабораторная работа №5_Шарп", "Лабораторная работа №5_Шарп\Лабораторная работа №5_Шарп.csproj", "{4A6B3F97-6168-4112-BAEC-CE0C66A33C23}"
EndProject
Global
	GlobalSection(SolutionConfigurationPlatforms) = preSolution
		Debug|Any CPU = Debug|Any CPU
		Release|Any CPU = Release|Any CPU
	EndGlobalSection
	GlobalSection(ProjectConfigurationPlatforms) = postSolution
		{4A6B3F97-6168-4112-BAEC-CE0C66A33C23}.Debug|Any CPU.ActiveCfg = Debug|Any CPU
		{4A6B3F97-6168-4112-BAEC-CE0C66A33C23}.Debug|Any CPU.Build.0 = Debug|Any CPU
		{4A6B3F97-6168-4112-BAEC-CE0C66A33C23}.Release|Any CPU.ActiveCfg = Release|Any CPU
		{4A6B3F97-6168-4112-BAEC-CE0C66A33C23}.Release|Any CPU.Build.0 = Release|Any CPU
	EndGlobalSection
	GlobalSection(SolutionProperties) = preSolution
		HideSolutionNode = FALSE
	EndGlobalSection
	GlobalSection(ExtensibilityGlobals) = postSolution
		SolutionGuid = {C77DD07A-A0C5-4B67-A8E3-697959BB1A40}
	EndGlobalSection
EndGlobal
